// !$*UTF8*$!
{
	archiveVersion = 1;
	classes = {
	};
	objectVersion = 56;
	objects = {

/* Begin PBXBuildFile section */
		0B415681906EF62BBD6E2D75 /* Pods_Travel_Memories_Travel_MemoriesUITests.framework in Frameworks */ = {isa = PBXBuildFile; fileRef = 3C906D370EACA10793FC906C /* Pods_Travel_Memories_Travel_MemoriesUITests.framework */; };
		1159D6872B783F2C00CE92E4 /* AddViewController.swift in Sources */ = {isa = PBXBuildFile; fileRef = 1159D6862B783F2C00CE92E4 /* AddViewController.swift */; };
		1159D6892B78414C00CE92E4 /* CustomTextField.swift in Sources */ = {isa = PBXBuildFile; fileRef = 1159D6882B78414C00CE92E4 /* CustomTextField.swift */; };
		1159D68C2B78498C00CE92E4 /* AddPresenter.swift in Sources */ = {isa = PBXBuildFile; fileRef = 1159D68B2B78498C00CE92E4 /* AddPresenter.swift */; };
		1159D68E2B785AC500CE92E4 /* ElementsBuilder.swift in Sources */ = {isa = PBXBuildFile; fileRef = 1159D68D2B785AC500CE92E4 /* ElementsBuilder.swift */; };
		115E05F62B7AAEF100118D73 /* DatailPresenter.swift in Sources */ = {isa = PBXBuildFile; fileRef = 115E05F52B7AAEF100118D73 /* DatailPresenter.swift */; };
		115E05F82B7AAFB600118D73 /* DetailViewController.swift in Sources */ = {isa = PBXBuildFile; fileRef = 115E05F72B7AAFB600118D73 /* DetailViewController.swift */; };
		115E05FA2B7AC1D400118D73 /* CustomCell_CV.swift in Sources */ = {isa = PBXBuildFile; fileRef = 115E05F92B7AC1D400118D73 /* CustomCell_CV.swift */; };
		1182F1AD2B75DA0E0018BA76 /* AppDelegate.swift in Sources */ = {isa = PBXBuildFile; fileRef = 1182F1AC2B75DA0E0018BA76 /* AppDelegate.swift */; };
		1182F1AF2B75DA0E0018BA76 /* SceneDelegate.swift in Sources */ = {isa = PBXBuildFile; fileRef = 1182F1AE2B75DA0E0018BA76 /* SceneDelegate.swift */; };
		1182F1B12B75DA0E0018BA76 /* ViewController.swift in Sources */ = {isa = PBXBuildFile; fileRef = 1182F1B02B75DA0E0018BA76 /* ViewController.swift */; };
		1182F1B42B75DA0E0018BA76 /* Main.storyboard in Resources */ = {isa = PBXBuildFile; fileRef = 1182F1B22B75DA0E0018BA76 /* Main.storyboard */; };
		1182F1B62B75DA100018BA76 /* Assets.xcassets in Resources */ = {isa = PBXBuildFile; fileRef = 1182F1B52B75DA100018BA76 /* Assets.xcassets */; };
		1182F1B92B75DA100018BA76 /* LaunchScreen.storyboard in Resources */ = {isa = PBXBuildFile; fileRef = 1182F1B72B75DA100018BA76 /* LaunchScreen.storyboard */; };
		1182F1C42B75DA100018BA76 /* Travel_MemoriesTests.swift in Sources */ = {isa = PBXBuildFile; fileRef = 1182F1C32B75DA100018BA76 /* Travel_MemoriesTests.swift */; };
		1182F1CE2B75DA110018BA76 /* Travel_MemoriesUITests.swift in Sources */ = {isa = PBXBuildFile; fileRef = 1182F1CD2B75DA110018BA76 /* Travel_MemoriesUITests.swift */; };
		1182F1D02B75DA110018BA76 /* Travel_MemoriesUITestsLaunchTests.swift in Sources */ = {isa = PBXBuildFile; fileRef = 1182F1CF2B75DA110018BA76 /* Travel_MemoriesUITestsLaunchTests.swift */; };
		11BDEDAD2B76F1F4005EEFB5 /* Router.swift in Sources */ = {isa = PBXBuildFile; fileRef = 11BDEDAC2B76F1F4005EEFB5 /* Router.swift */; };
		11BDEDAF2B76F1FD005EEFB5 /* Assembler.swift in Sources */ = {isa = PBXBuildFile; fileRef = 11BDEDAE2B76F1FD005EEFB5 /* Assembler.swift */; };
		11BDEDB12B76F359005EEFB5 /* MainViewController.swift in Sources */ = {isa = PBXBuildFile; fileRef = 11BDEDB02B76F359005EEFB5 /* MainViewController.swift */; };
		11BDEDB32B770271005EEFB5 /* TripModel.swift in Sources */ = {isa = PBXBuildFile; fileRef = 11BDEDB22B770271005EEFB5 /* TripModel.swift */; };
		11BDEDB52B770F6D005EEFB5 /* MainPresenter.swift in Sources */ = {isa = PBXBuildFile; fileRef = 11BDEDB42B770F6D005EEFB5 /* MainPresenter.swift */; };
		11BDEDB72B7722F0005EEFB5 /* ModelManager.swift in Sources */ = {isa = PBXBuildFile; fileRef = 11BDEDB62B7722F0005EEFB5 /* ModelManager.swift */; };
		E56A24777B163CC2D137B410 /* Pods_Travel_MemoriesTests.framework in Frameworks */ = {isa = PBXBuildFile; fileRef = A75F3D596C71C26BACDB40FB /* Pods_Travel_MemoriesTests.framework */; };
		F10F745A6537429585F04C38 /* Pods_Travel_Memories.framework in Frameworks */ = {isa = PBXBuildFile; fileRef = 9543D0614B6D3CB5813D8D8D /* Pods_Travel_Memories.framework */; };
/* End PBXBuildFile section */

/* Begin PBXContainerItemProxy section */
		1182F1C02B75DA100018BA76 /* PBXContainerItemProxy */ = {
			isa = PBXContainerItemProxy;
			containerPortal = 1182F1A12B75DA0E0018BA76 /* Project object */;
			proxyType = 1;
			remoteGlobalIDString = 1182F1A82B75DA0E0018BA76;
			remoteInfo = "Travel Memories";
		};
		1182F1CA2B75DA100018BA76 /* PBXContainerItemProxy */ = {
			isa = PBXContainerItemProxy;
			containerPortal = 1182F1A12B75DA0E0018BA76 /* Project object */;
			proxyType = 1;
			remoteGlobalIDString = 1182F1A82B75DA0E0018BA76;
			remoteInfo = "Travel Memories";
		};
/* End PBXContainerItemProxy section */

/* Begin PBXFileReference section */
		1159D6862B783F2C00CE92E4 /* AddViewController.swift */ = {isa = PBXFileReference; lastKnownFileType = sourcecode.swift; path = AddViewController.swift; sourceTree = "<group>"; };
		1159D6882B78414C00CE92E4 /* CustomTextField.swift */ = {isa = PBXFileReference; lastKnownFileType = sourcecode.swift; path = CustomTextField.swift; sourceTree = "<group>"; };
		1159D68B2B78498C00CE92E4 /* AddPresenter.swift */ = {isa = PBXFileReference; lastKnownFileType = sourcecode.swift; path = AddPresenter.swift; sourceTree = "<group>"; };
		1159D68D2B785AC500CE92E4 /* ElementsBuilder.swift */ = {isa = PBXFileReference; lastKnownFileType = sourcecode.swift; path = ElementsBuilder.swift; sourceTree = "<group>"; };
		115E05F52B7AAEF100118D73 /* DatailPresenter.swift */ = {isa = PBXFileReference; lastKnownFileType = sourcecode.swift; path = DatailPresenter.swift; sourceTree = "<group>"; };
		115E05F72B7AAFB600118D73 /* DetailViewController.swift */ = {isa = PBXFileReference; lastKnownFileType = sourcecode.swift; path = DetailViewController.swift; sourceTree = "<group>"; };
		115E05F92B7AC1D400118D73 /* CustomCell_CV.swift */ = {isa = PBXFileReference; lastKnownFileType = sourcecode.swift; path = CustomCell_CV.swift; sourceTree = "<group>"; };
		1182F1A92B75DA0E0018BA76 /* Travel Memories.app */ = {isa = PBXFileReference; explicitFileType = wrapper.application; includeInIndex = 0; path = "Travel Memories.app"; sourceTree = BUILT_PRODUCTS_DIR; };
		1182F1AC2B75DA0E0018BA76 /* AppDelegate.swift */ = {isa = PBXFileReference; lastKnownFileType = sourcecode.swift; path = AppDelegate.swift; sourceTree = "<group>"; };
		1182F1AE2B75DA0E0018BA76 /* SceneDelegate.swift */ = {isa = PBXFileReference; lastKnownFileType = sourcecode.swift; path = SceneDelegate.swift; sourceTree = "<group>"; };
		1182F1B02B75DA0E0018BA76 /* ViewController.swift */ = {isa = PBXFileReference; lastKnownFileType = sourcecode.swift; path = ViewController.swift; sourceTree = "<group>"; };
		1182F1B32B75DA0E0018BA76 /* Base */ = {isa = PBXFileReference; lastKnownFileType = file.storyboard; name = Base; path = Base.lproj/Main.storyboard; sourceTree = "<group>"; };
		1182F1B52B75DA100018BA76 /* Assets.xcassets */ = {isa = PBXFileReference; lastKnownFileType = folder.assetcatalog; path = Assets.xcassets; sourceTree = "<group>"; };
		1182F1B82B75DA100018BA76 /* Base */ = {isa = PBXFileReference; lastKnownFileType = file.storyboard; name = Base; path = Base.lproj/LaunchScreen.storyboard; sourceTree = "<group>"; };
		1182F1BA2B75DA100018BA76 /* Info.plist */ = {isa = PBXFileReference; lastKnownFileType = text.plist.xml; path = Info.plist; sourceTree = "<group>"; };
		1182F1BF2B75DA100018BA76 /* Travel MemoriesTests.xctest */ = {isa = PBXFileReference; explicitFileType = wrapper.cfbundle; includeInIndex = 0; path = "Travel MemoriesTests.xctest"; sourceTree = BUILT_PRODUCTS_DIR; };
		1182F1C32B75DA100018BA76 /* Travel_MemoriesTests.swift */ = {isa = PBXFileReference; lastKnownFileType = sourcecode.swift; path = Travel_MemoriesTests.swift; sourceTree = "<group>"; };
		1182F1C92B75DA100018BA76 /* Travel MemoriesUITests.xctest */ = {isa = PBXFileReference; explicitFileType = wrapper.cfbundle; includeInIndex = 0; path = "Travel MemoriesUITests.xctest"; sourceTree = BUILT_PRODUCTS_DIR; };
		1182F1CD2B75DA110018BA76 /* Travel_MemoriesUITests.swift */ = {isa = PBXFileReference; lastKnownFileType = sourcecode.swift; path = Travel_MemoriesUITests.swift; sourceTree = "<group>"; };
		1182F1CF2B75DA110018BA76 /* Travel_MemoriesUITestsLaunchTests.swift */ = {isa = PBXFileReference; lastKnownFileType = sourcecode.swift; path = Travel_MemoriesUITestsLaunchTests.swift; sourceTree = "<group>"; };
		11BDEDAC2B76F1F4005EEFB5 /* Router.swift */ = {isa = PBXFileReference; lastKnownFileType = sourcecode.swift; path = Router.swift; sourceTree = "<group>"; };
		11BDEDAE2B76F1FD005EEFB5 /* Assembler.swift */ = {isa = PBXFileReference; lastKnownFileType = sourcecode.swift; path = Assembler.swift; sourceTree = "<group>"; };
		11BDEDB02B76F359005EEFB5 /* MainViewController.swift */ = {isa = PBXFileReference; lastKnownFileType = sourcecode.swift; path = MainViewController.swift; sourceTree = "<group>"; };
		11BDEDB22B770271005EEFB5 /* TripModel.swift */ = {isa = PBXFileReference; lastKnownFileType = sourcecode.swift; path = TripModel.swift; sourceTree = "<group>"; };
		11BDEDB42B770F6D005EEFB5 /* MainPresenter.swift */ = {isa = PBXFileReference; lastKnownFileType = sourcecode.swift; path = MainPresenter.swift; sourceTree = "<group>"; };
		11BDEDB62B7722F0005EEFB5 /* ModelManager.swift */ = {isa = PBXFileReference; lastKnownFileType = sourcecode.swift; path = ModelManager.swift; sourceTree = "<group>"; };
		27ABDA1508F68807BEB6DCFA /* Pods-Travel MemoriesTests.release.xcconfig */ = {isa = PBXFileReference; includeInIndex = 1; lastKnownFileType = text.xcconfig; name = "Pods-Travel MemoriesTests.release.xcconfig"; path = "Target Support Files/Pods-Travel MemoriesTests/Pods-Travel MemoriesTests.release.xcconfig"; sourceTree = "<group>"; };
		3C906D370EACA10793FC906C /* Pods_Travel_Memories_Travel_MemoriesUITests.framework */ = {isa = PBXFileReference; explicitFileType = wrapper.framework; includeInIndex = 0; path = Pods_Travel_Memories_Travel_MemoriesUITests.framework; sourceTree = BUILT_PRODUCTS_DIR; };
		49C7FF2B698F512EFCF61AF9 /* Pods-Travel Memories-Travel MemoriesUITests.debug.xcconfig */ = {isa = PBXFileReference; includeInIndex = 1; lastKnownFileType = text.xcconfig; name = "Pods-Travel Memories-Travel MemoriesUITests.debug.xcconfig"; path = "Target Support Files/Pods-Travel Memories-Travel MemoriesUITests/Pods-Travel Memories-Travel MemoriesUITests.debug.xcconfig"; sourceTree = "<group>"; };
		553449E691C3AECB60D758EE /* Pods-Travel Memories.release.xcconfig */ = {isa = PBXFileReference; includeInIndex = 1; lastKnownFileType = text.xcconfig; name = "Pods-Travel Memories.release.xcconfig"; path = "Target Support Files/Pods-Travel Memories/Pods-Travel Memories.release.xcconfig"; sourceTree = "<group>"; };
		5E51BB46375888BAE06DB862 /* Pods-Travel MemoriesTests.debug.xcconfig */ = {isa = PBXFileReference; includeInIndex = 1; lastKnownFileType = text.xcconfig; name = "Pods-Travel MemoriesTests.debug.xcconfig"; path = "Target Support Files/Pods-Travel MemoriesTests/Pods-Travel MemoriesTests.debug.xcconfig"; sourceTree = "<group>"; };
		8982235FA5FE9D9A76D19F01 /* Pods-Travel Memories-Travel MemoriesUITests.release.xcconfig */ = {isa = PBXFileReference; includeInIndex = 1; lastKnownFileType = text.xcconfig; name = "Pods-Travel Memories-Travel MemoriesUITests.release.xcconfig"; path = "Target Support Files/Pods-Travel Memories-Travel MemoriesUITests/Pods-Travel Memories-Travel MemoriesUITests.release.xcconfig"; sourceTree = "<group>"; };
		9543D0614B6D3CB5813D8D8D /* Pods_Travel_Memories.framework */ = {isa = PBXFileReference; explicitFileType = wrapper.framework; includeInIndex = 0; path = Pods_Travel_Memories.framework; sourceTree = BUILT_PRODUCTS_DIR; };
		A75F3D596C71C26BACDB40FB /* Pods_Travel_MemoriesTests.framework */ = {isa = PBXFileReference; explicitFileType = wrapper.framework; includeInIndex = 0; path = Pods_Travel_MemoriesTests.framework; sourceTree = BUILT_PRODUCTS_DIR; };
		CC652459F90DC72A6ED6569B /* Pods-Travel Memories.debug.xcconfig */ = {isa = PBXFileReference; includeInIndex = 1; lastKnownFileType = text.xcconfig; name = "Pods-Travel Memories.debug.xcconfig"; path = "Target Support Files/Pods-Travel Memories/Pods-Travel Memories.debug.xcconfig"; sourceTree = "<group>"; };
/* End PBXFileReference section */

/* Begin PBXFrameworksBuildPhase section */
		1182F1A62B75DA0E0018BA76 /* Frameworks */ = {
			isa = PBXFrameworksBuildPhase;
			buildActionMask = 2147483647;
			files = (
				F10F745A6537429585F04C38 /* Pods_Travel_Memories.framework in Frameworks */,
			);
			runOnlyForDeploymentPostprocessing = 0;
		};
		1182F1BC2B75DA100018BA76 /* Frameworks */ = {
			isa = PBXFrameworksBuildPhase;
			buildActionMask = 2147483647;
			files = (
				E56A24777B163CC2D137B410 /* Pods_Travel_MemoriesTests.framework in Frameworks */,
			);
			runOnlyForDeploymentPostprocessing = 0;
		};
		1182F1C62B75DA100018BA76 /* Frameworks */ = {
			isa = PBXFrameworksBuildPhase;
			buildActionMask = 2147483647;
			files = (
				0B415681906EF62BBD6E2D75 /* Pods_Travel_Memories_Travel_MemoriesUITests.framework in Frameworks */,
			);
			runOnlyForDeploymentPostprocessing = 0;
		};
/* End PBXFrameworksBuildPhase section */

/* Begin PBXGroup section */
		065BE68C4E45038EC2C77D93 /* Frameworks */ = {
			isa = PBXGroup;
			children = (
				9543D0614B6D3CB5813D8D8D /* Pods_Travel_Memories.framework */,
				3C906D370EACA10793FC906C /* Pods_Travel_Memories_Travel_MemoriesUITests.framework */,
				A75F3D596C71C26BACDB40FB /* Pods_Travel_MemoriesTests.framework */,
			);
			name = Frameworks;
			sourceTree = "<group>";
		};
		1159D68A2B7843A300CE92E4 /* Views */ = {
			isa = PBXGroup;
			children = (
				1159D6882B78414C00CE92E4 /* CustomTextField.swift */,
				115E05F92B7AC1D400118D73 /* CustomCell_CV.swift */,
			);
			path = Views;
			sourceTree = "<group>";
		};
		1182F1A02B75DA0E0018BA76 = {
			isa = PBXGroup;
			children = (
				1182F1AB2B75DA0E0018BA76 /* Travel Memories */,
				1182F1B22B75DA0E0018BA76 /* Main.storyboard */,
				1182F1C22B75DA100018BA76 /* Travel MemoriesTests */,
				1182F1CC2B75DA110018BA76 /* Travel MemoriesUITests */,
				1182F1AA2B75DA0E0018BA76 /* Products */,
				AF9D70F26945E7D825DC8C4F /* Pods */,
				065BE68C4E45038EC2C77D93 /* Frameworks */,
			);
			sourceTree = "<group>";
		};
		1182F1AA2B75DA0E0018BA76 /* Products */ = {
			isa = PBXGroup;
			children = (
				1182F1A92B75DA0E0018BA76 /* Travel Memories.app */,
				1182F1BF2B75DA100018BA76 /* Travel MemoriesTests.xctest */,
				1182F1C92B75DA100018BA76 /* Travel MemoriesUITests.xctest */,
			);
			name = Products;
			sourceTree = "<group>";
		};
		1182F1AB2B75DA0E0018BA76 /* Travel Memories */ = {
			isa = PBXGroup;
			children = (
				1182F1B02B75DA0E0018BA76 /* ViewController.swift */,
				11BDEDA42B76E1BF005EEFB5 /* Application */,
				11BDEDA82B76EF85005EEFB5 /* Models */,
				11BDEDA62B76EF6A005EEFB5 /* ViewControllers */,
				11BDEDA72B76EF7D005EEFB5 /* Presenters */,
				11BDEDAB2B76F1DE005EEFB5 /* Helpers */,
				11BDEDA52B76E1E1005EEFB5 /* Supporting Files */,
			);
			path = "Travel Memories";
			sourceTree = "<group>";
		};
		1182F1C22B75DA100018BA76 /* Travel MemoriesTests */ = {
			isa = PBXGroup;
			children = (
				1182F1C32B75DA100018BA76 /* Travel_MemoriesTests.swift */,
			);
			path = "Travel MemoriesTests";
			sourceTree = "<group>";
		};
		1182F1CC2B75DA110018BA76 /* Travel MemoriesUITests */ = {
			isa = PBXGroup;
			children = (
				1182F1CD2B75DA110018BA76 /* Travel_MemoriesUITests.swift */,
				1182F1CF2B75DA110018BA76 /* Travel_MemoriesUITestsLaunchTests.swift */,
			);
			path = "Travel MemoriesUITests";
			sourceTree = "<group>";
		};
		11BDEDA42B76E1BF005EEFB5 /* Application */ = {
			isa = PBXGroup;
			children = (
				1182F1AC2B75DA0E0018BA76 /* AppDelegate.swift */,
				1182F1AE2B75DA0E0018BA76 /* SceneDelegate.swift */,
			);
			path = Application;
			sourceTree = "<group>";
		};
		11BDEDA52B76E1E1005EEFB5 /* Supporting Files */ = {
			isa = PBXGroup;
			children = (
				1182F1BA2B75DA100018BA76 /* Info.plist */,
				1182F1B52B75DA100018BA76 /* Assets.xcassets */,
				1182F1B72B75DA100018BA76 /* LaunchScreen.storyboard */,
			);
			path = "Supporting Files";
			sourceTree = "<group>";
		};
		11BDEDA62B76EF6A005EEFB5 /* ViewControllers */ = {
			isa = PBXGroup;
			children = (
				11BDEDB02B76F359005EEFB5 /* MainViewController.swift */,
				1159D6862B783F2C00CE92E4 /* AddViewController.swift */,
				115E05F72B7AAFB600118D73 /* DetailViewController.swift */,
				1159D68A2B7843A300CE92E4 /* Views */,
			);
			path = ViewControllers;
			sourceTree = "<group>";
		};
		11BDEDA72B76EF7D005EEFB5 /* Presenters */ = {
			isa = PBXGroup;
			children = (
				11BDEDB42B770F6D005EEFB5 /* MainPresenter.swift */,
				1159D68B2B78498C00CE92E4 /* AddPresenter.swift */,
				115E05F52B7AAEF100118D73 /* DatailPresenter.swift */,
			);
			path = Presenters;
			sourceTree = "<group>";
		};
		11BDEDA82B76EF85005EEFB5 /* Models */ = {
			isa = PBXGroup;
			children = (
				11BDEDB22B770271005EEFB5 /* TripModel.swift */,
			);
			path = Models;
			sourceTree = "<group>";
		};
		11BDEDAB2B76F1DE005EEFB5 /* Helpers */ = {
			isa = PBXGroup;
			children = (
				11BDEDAC2B76F1F4005EEFB5 /* Router.swift */,
				11BDEDAE2B76F1FD005EEFB5 /* Assembler.swift */,
				1159D68D2B785AC500CE92E4 /* ElementsBuilder.swift */,
				11BDEDB62B7722F0005EEFB5 /* ModelManager.swift */,
			);
			path = Helpers;
			sourceTree = "<group>";
		};
		AF9D70F26945E7D825DC8C4F /* Pods */ = {
			isa = PBXGroup;
			children = (
				CC652459F90DC72A6ED6569B /* Pods-Travel Memories.debug.xcconfig */,
				553449E691C3AECB60D758EE /* Pods-Travel Memories.release.xcconfig */,
				49C7FF2B698F512EFCF61AF9 /* Pods-Travel Memories-Travel MemoriesUITests.debug.xcconfig */,
				8982235FA5FE9D9A76D19F01 /* Pods-Travel Memories-Travel MemoriesUITests.release.xcconfig */,
				5E51BB46375888BAE06DB862 /* Pods-Travel MemoriesTests.debug.xcconfig */,
				27ABDA1508F68807BEB6DCFA /* Pods-Travel MemoriesTests.release.xcconfig */,
			);
			path = Pods;
			sourceTree = "<group>";
		};
/* End PBXGroup section */

/* Begin PBXNativeTarget section */
		1182F1A82B75DA0E0018BA76 /* Travel Memories */ = {
			isa = PBXNativeTarget;
			buildConfigurationList = 1182F1D32B75DA110018BA76 /* Build configuration list for PBXNativeTarget "Travel Memories" */;
			buildPhases = (
				3F8B1B86C676F21D85FAEDEC /* [CP] Check Pods Manifest.lock */,
				1182F1A52B75DA0E0018BA76 /* Sources */,
				1182F1A62B75DA0E0018BA76 /* Frameworks */,
				1182F1A72B75DA0E0018BA76 /* Resources */,
				04C82C5AB8A6CCCEB631E931 /* [CP] Embed Pods Frameworks */,
			);
			buildRules = (
			);
			dependencies = (
			);
			name = "Travel Memories";
			productName = "Travel Memories";
			productReference = 1182F1A92B75DA0E0018BA76 /* Travel Memories.app */;
			productType = "com.apple.product-type.application";
		};
		1182F1BE2B75DA100018BA76 /* Travel MemoriesTests */ = {
			isa = PBXNativeTarget;
			buildConfigurationList = 1182F1D62B75DA110018BA76 /* Build configuration list for PBXNativeTarget "Travel MemoriesTests" */;
			buildPhases = (
				CEB66690D6F8D2778E250117 /* [CP] Check Pods Manifest.lock */,
				1182F1BB2B75DA100018BA76 /* Sources */,
				1182F1BC2B75DA100018BA76 /* Frameworks */,
				1182F1BD2B75DA100018BA76 /* Resources */,
			);
			buildRules = (
			);
			dependencies = (
				1182F1C12B75DA100018BA76 /* PBXTargetDependency */,
			);
			name = "Travel MemoriesTests";
			productName = "Travel MemoriesTests";
			productReference = 1182F1BF2B75DA100018BA76 /* Travel MemoriesTests.xctest */;
			productType = "com.apple.product-type.bundle.unit-test";
		};
		1182F1C82B75DA100018BA76 /* Travel MemoriesUITests */ = {
			isa = PBXNativeTarget;
			buildConfigurationList = 1182F1D92B75DA110018BA76 /* Build configuration list for PBXNativeTarget "Travel MemoriesUITests" */;
			buildPhases = (
				1BE754FA901130DEA90ED1FE /* [CP] Check Pods Manifest.lock */,
				1182F1C52B75DA100018BA76 /* Sources */,
				1182F1C62B75DA100018BA76 /* Frameworks */,
				1182F1C72B75DA100018BA76 /* Resources */,
				6817B9A7B884F9A7FCA0AFAF /* [CP] Embed Pods Frameworks */,
			);
			buildRules = (
			);
			dependencies = (
				1182F1CB2B75DA100018BA76 /* PBXTargetDependency */,
			);
			name = "Travel MemoriesUITests";
			productName = "Travel MemoriesUITests";
			productReference = 1182F1C92B75DA100018BA76 /* Travel MemoriesUITests.xctest */;
			productType = "com.apple.product-type.bundle.ui-testing";
		};
/* End PBXNativeTarget section */

/* Begin PBXProject section */
		1182F1A12B75DA0E0018BA76 /* Project object */ = {
			isa = PBXProject;
			attributes = {
				BuildIndependentTargetsInParallel = 1;
				LastSwiftUpdateCheck = 1520;
				LastUpgradeCheck = 1520;
				TargetAttributes = {
					1182F1A82B75DA0E0018BA76 = {
						CreatedOnToolsVersion = 15.2;
					};
					1182F1BE2B75DA100018BA76 = {
						CreatedOnToolsVersion = 15.2;
						TestTargetID = 1182F1A82B75DA0E0018BA76;
					};
					1182F1C82B75DA100018BA76 = {
						CreatedOnToolsVersion = 15.2;
						TestTargetID = 1182F1A82B75DA0E0018BA76;
					};
				};
			};
			buildConfigurationList = 1182F1A42B75DA0E0018BA76 /* Build configuration list for PBXProject "Travel Memories" */;
			compatibilityVersion = "Xcode 14.0";
			developmentRegion = en;
			hasScannedForEncodings = 0;
			knownRegions = (
				en,
				Base,
			);
			mainGroup = 1182F1A02B75DA0E0018BA76;
			packageReferences = (
			);
			productRefGroup = 1182F1AA2B75DA0E0018BA76 /* Products */;
			projectDirPath = "";
			projectRoot = "";
			targets = (
				1182F1A82B75DA0E0018BA76 /* Travel Memories */,
				1182F1BE2B75DA100018BA76 /* Travel MemoriesTests */,
				1182F1C82B75DA100018BA76 /* Travel MemoriesUITests */,
			);
		};
/* End PBXProject section */

/* Begin PBXResourcesBuildPhase section */
		1182F1A72B75DA0E0018BA76 /* Resources */ = {
			isa = PBXResourcesBuildPhase;
			buildActionMask = 2147483647;
			files = (
				1182F1B92B75DA100018BA76 /* LaunchScreen.storyboard in Resources */,
				1182F1B62B75DA100018BA76 /* Assets.xcassets in Resources */,
				1182F1B42B75DA0E0018BA76 /* Main.storyboard in Resources */,
			);
			runOnlyForDeploymentPostprocessing = 0;
		};
		1182F1BD2B75DA100018BA76 /* Resources */ = {
			isa = PBXResourcesBuildPhase;
			buildActionMask = 2147483647;
			files = (
			);
			runOnlyForDeploymentPostprocessing = 0;
		};
		1182F1C72B75DA100018BA76 /* Resources */ = {
			isa = PBXResourcesBuildPhase;
			buildActionMask = 2147483647;
			files = (
			);
			runOnlyForDeploymentPostprocessing = 0;
		};
/* End PBXResourcesBuildPhase section */

/* Begin PBXShellScriptBuildPhase section */
		04C82C5AB8A6CCCEB631E931 /* [CP] Embed Pods Frameworks */ = {
			isa = PBXShellScriptBuildPhase;
			buildActionMask = 2147483647;
			files = (
			);
			inputFileListPaths = (
				"${PODS_ROOT}/Target Support Files/Pods-Travel Memories/Pods-Travel Memories-frameworks-${CONFIGURATION}-input-files.xcfilelist",
			);
			name = "[CP] Embed Pods Frameworks";
			outputFileListPaths = (
				"${PODS_ROOT}/Target Support Files/Pods-Travel Memories/Pods-Travel Memories-frameworks-${CONFIGURATION}-output-files.xcfilelist",
			);
			runOnlyForDeploymentPostprocessing = 0;
			shellPath = /bin/sh;
			shellScript = "\"${PODS_ROOT}/Target Support Files/Pods-Travel Memories/Pods-Travel Memories-frameworks.sh\"\n";
			showEnvVarsInLog = 0;
		};
		1BE754FA901130DEA90ED1FE /* [CP] Check Pods Manifest.lock */ = {
			isa = PBXShellScriptBuildPhase;
			buildActionMask = 2147483647;
			files = (
			);
			inputFileListPaths = (
			);
			inputPaths = (
				"${PODS_PODFILE_DIR_PATH}/Podfile.lock",
				"${PODS_ROOT}/Manifest.lock",
			);
			name = "[CP] Check Pods Manifest.lock";
			outputFileListPaths = (
			);
			outputPaths = (
				"$(DERIVED_FILE_DIR)/Pods-Travel Memories-Travel MemoriesUITests-checkManifestLockResult.txt",
			);
			runOnlyForDeploymentPostprocessing = 0;
			shellPath = /bin/sh;
			shellScript = "diff \"${PODS_PODFILE_DIR_PATH}/Podfile.lock\" \"${PODS_ROOT}/Manifest.lock\" > /dev/null\nif [ $? != 0 ] ; then\n    # print error to STDERR\n    echo \"error: The sandbox is not in sync with the Podfile.lock. Run 'pod install' or update your CocoaPods installation.\" >&2\n    exit 1\nfi\n# This output is used by Xcode 'outputs' to avoid re-running this script phase.\necho \"SUCCESS\" > \"${SCRIPT_OUTPUT_FILE_0}\"\n";
			showEnvVarsInLog = 0;
		};
		3F8B1B86C676F21D85FAEDEC /* [CP] Check Pods Manifest.lock */ = {
			isa = PBXShellScriptBuildPhase;
			buildActionMask = 2147483647;
			files = (
			);
			inputFileListPaths = (
			);
			inputPaths = (
				"${PODS_PODFILE_DIR_PATH}/Podfile.lock",
				"${PODS_ROOT}/Manifest.lock",
			);
			name = "[CP] Check Pods Manifest.lock";
			outputFileListPaths = (
			);
			outputPaths = (
				"$(DERIVED_FILE_DIR)/Pods-Travel Memories-checkManifestLockResult.txt",
			);
			runOnlyForDeploymentPostprocessing = 0;
			shellPath = /bin/sh;
			shellScript = "diff \"${PODS_PODFILE_DIR_PATH}/Podfile.lock\" \"${PODS_ROOT}/Manifest.lock\" > /dev/null\nif [ $? != 0 ] ; then\n    # print error to STDERR\n    echo \"error: The sandbox is not in sync with the Podfile.lock. Run 'pod install' or update your CocoaPods installation.\" >&2\n    exit 1\nfi\n# This output is used by Xcode 'outputs' to avoid re-running this script phase.\necho \"SUCCESS\" > \"${SCRIPT_OUTPUT_FILE_0}\"\n";
			showEnvVarsInLog = 0;
		};
		6817B9A7B884F9A7FCA0AFAF /* [CP] Embed Pods Frameworks */ = {
			isa = PBXShellScriptBuildPhase;
			buildActionMask = 2147483647;
			files = (
			);
			inputFileListPaths = (
				"${PODS_ROOT}/Target Support Files/Pods-Travel Memories-Travel MemoriesUITests/Pods-Travel Memories-Travel MemoriesUITests-frameworks-${CONFIGURATION}-input-files.xcfilelist",
			);
			name = "[CP] Embed Pods Frameworks";
			outputFileListPaths = (
				"${PODS_ROOT}/Target Support Files/Pods-Travel Memories-Travel MemoriesUITests/Pods-Travel Memories-Travel MemoriesUITests-frameworks-${CONFIGURATION}-output-files.xcfilelist",
			);
			runOnlyForDeploymentPostprocessing = 0;
			shellPath = /bin/sh;
			shellScript = "\"${PODS_ROOT}/Target Support Files/Pods-Travel Memories-Travel MemoriesUITests/Pods-Travel Memories-Travel MemoriesUITests-frameworks.sh\"\n";
			showEnvVarsInLog = 0;
		};
		CEB66690D6F8D2778E250117 /* [CP] Check Pods Manifest.lock */ = {
			isa = PBXShellScriptBuildPhase;
			buildActionMask = 2147483647;
			files = (
			);
			inputFileListPaths = (
			);
			inputPaths = (
				"${PODS_PODFILE_DIR_PATH}/Podfile.lock",
				"${PODS_ROOT}/Manifest.lock",
			);
			name = "[CP] Check Pods Manifest.lock";
			outputFileListPaths = (
			);
			outputPaths = (
				"$(DERIVED_FILE_DIR)/Pods-Travel MemoriesTests-checkManifestLockResult.txt",
			);
			runOnlyForDeploymentPostprocessing = 0;
			shellPath = /bin/sh;
			shellScript = "diff \"${PODS_PODFILE_DIR_PATH}/Podfile.lock\" \"${PODS_ROOT}/Manifest.lock\" > /dev/null\nif [ $? != 0 ] ; then\n    # print error to STDERR\n    echo \"error: The sandbox is not in sync with the Podfile.lock. Run 'pod install' or update your CocoaPods installation.\" >&2\n    exit 1\nfi\n# This output is used by Xcode 'outputs' to avoid re-running this script phase.\necho \"SUCCESS\" > \"${SCRIPT_OUTPUT_FILE_0}\"\n";
			showEnvVarsInLog = 0;
		};
/* End PBXShellScriptBuildPhase section */

/* Begin PBXSourcesBuildPhase section */
		1182F1A52B75DA0E0018BA76 /* Sources */ = {
			isa = PBXSourcesBuildPhase;
			buildActionMask = 2147483647;
			files = (
				1159D68E2B785AC500CE92E4 /* ElementsBuilder.swift in Sources */,
				115E05FA2B7AC1D400118D73 /* CustomCell_CV.swift in Sources */,
				115E05F62B7AAEF100118D73 /* DatailPresenter.swift in Sources */,
				1159D6872B783F2C00CE92E4 /* AddViewController.swift in Sources */,
				1159D6892B78414C00CE92E4 /* CustomTextField.swift in Sources */,
				11BDEDAD2B76F1F4005EEFB5 /* Router.swift in Sources */,
				1182F1B12B75DA0E0018BA76 /* ViewController.swift in Sources */,
				11BDEDAF2B76F1FD005EEFB5 /* Assembler.swift in Sources */,
				11BDEDB52B770F6D005EEFB5 /* MainPresenter.swift in Sources */,
				1159D68C2B78498C00CE92E4 /* AddPresenter.swift in Sources */,
				11BDEDB32B770271005EEFB5 /* TripModel.swift in Sources */,
				11BDEDB72B7722F0005EEFB5 /* ModelManager.swift in Sources */,
				1182F1AD2B75DA0E0018BA76 /* AppDelegate.swift in Sources */,
				115E05F82B7AAFB600118D73 /* DetailViewController.swift in Sources */,
				11BDEDB12B76F359005EEFB5 /* MainViewController.swift in Sources */,
				1182F1AF2B75DA0E0018BA76 /* SceneDelegate.swift in Sources */,
			);
			runOnlyForDeploymentPostprocessing = 0;
		};
		1182F1BB2B75DA100018BA76 /* Sources */ = {
			isa = PBXSourcesBuildPhase;
			buildActionMask = 2147483647;
			files = (
				1182F1C42B75DA100018BA76 /* Travel_MemoriesTests.swift in Sources */,
			);
			runOnlyForDeploymentPostprocessing = 0;
		};
		1182F1C52B75DA100018BA76 /* Sources */ = {
			isa = PBXSourcesBuildPhase;
			buildActionMask = 2147483647;
			files = (
				1182F1CE2B75DA110018BA76 /* Travel_MemoriesUITests.swift in Sources */,
				1182F1D02B75DA110018BA76 /* Travel_MemoriesUITestsLaunchTests.swift in Sources */,
			);
			runOnlyForDeploymentPostprocessing = 0;
		};
/* End PBXSourcesBuildPhase section */

/* Begin PBXTargetDependency section */
		1182F1C12B75DA100018BA76 /* PBXTargetDependency */ = {
			isa = PBXTargetDependency;
			target = 1182F1A82B75DA0E0018BA76 /* Travel Memories */;
			targetProxy = 1182F1C02B75DA100018BA76 /* PBXContainerItemProxy */;
		};
		1182F1CB2B75DA100018BA76 /* PBXTargetDependency */ = {
			isa = PBXTargetDependency;
			target = 1182F1A82B75DA0E0018BA76 /* Travel Memories */;
			targetProxy = 1182F1CA2B75DA100018BA76 /* PBXContainerItemProxy */;
		};
/* End PBXTargetDependency section */

/* Begin PBXVariantGroup section */
		1182F1B22B75DA0E0018BA76 /* Main.storyboard */ = {
			isa = PBXVariantGroup;
			children = (
				1182F1B32B75DA0E0018BA76 /* Base */,
			);
			name = Main.storyboard;
			sourceTree = "<group>";
		};
		1182F1B72B75DA100018BA76 /* LaunchScreen.storyboard */ = {
			isa = PBXVariantGroup;
			children = (
				1182F1B82B75DA100018BA76 /* Base */,
			);
			name = LaunchScreen.storyboard;
			sourceTree = "<group>";
		};
/* End PBXVariantGroup section */

/* Begin XCBuildConfiguration section */
		1182F1D12B75DA110018BA76 /* Debug */ = {
			isa = XCBuildConfiguration;
			buildSettings = {
				ALWAYS_SEARCH_USER_PATHS = NO;
				ASSETCATALOG_COMPILER_GENERATE_SWIFT_ASSET_SYMBOL_EXTENSIONS = YES;
				CLANG_ANALYZER_NONNULL = YES;
				CLANG_ANALYZER_NUMBER_OBJECT_CONVERSION = YES_AGGRESSIVE;
				CLANG_CXX_LANGUAGE_STANDARD = "gnu++20";
				CLANG_ENABLE_MODULES = YES;
				CLANG_ENABLE_OBJC_ARC = YES;
				CLANG_ENABLE_OBJC_WEAK = YES;
				CLANG_WARN_BLOCK_CAPTURE_AUTORELEASING = YES;
				CLANG_WARN_BOOL_CONVERSION = YES;
				CLANG_WARN_COMMA = YES;
				CLANG_WARN_CONSTANT_CONVERSION = YES;
				CLANG_WARN_DEPRECATED_OBJC_IMPLEMENTATIONS = YES;
				CLANG_WARN_DIRECT_OBJC_ISA_USAGE = YES_ERROR;
				CLANG_WARN_DOCUMENTATION_COMMENTS = YES;
				CLANG_WARN_EMPTY_BODY = YES;
				CLANG_WARN_ENUM_CONVERSION = YES;
				CLANG_WARN_INFINITE_RECURSION = YES;
				CLANG_WARN_INT_CONVERSION = YES;
				CLANG_WARN_NON_LITERAL_NULL_CONVERSION = YES;
				CLANG_WARN_OBJC_IMPLICIT_RETAIN_SELF = YES;
				CLANG_WARN_OBJC_LITERAL_CONVERSION = YES;
				CLANG_WARN_OBJC_ROOT_CLASS = YES_ERROR;
				CLANG_WARN_QUOTED_INCLUDE_IN_FRAMEWORK_HEADER = YES;
				CLANG_WARN_RANGE_LOOP_ANALYSIS = YES;
				CLANG_WARN_STRICT_PROTOTYPES = YES;
				CLANG_WARN_SUSPICIOUS_MOVE = YES;
				CLANG_WARN_UNGUARDED_AVAILABILITY = YES_AGGRESSIVE;
				CLANG_WARN_UNREACHABLE_CODE = YES;
				CLANG_WARN__DUPLICATE_METHOD_MATCH = YES;
				COPY_PHASE_STRIP = NO;
				DEBUG_INFORMATION_FORMAT = dwarf;
				ENABLE_STRICT_OBJC_MSGSEND = YES;
				ENABLE_TESTABILITY = YES;
				ENABLE_USER_SCRIPT_SANDBOXING = NO;
				GCC_C_LANGUAGE_STANDARD = gnu17;
				GCC_DYNAMIC_NO_PIC = NO;
				GCC_NO_COMMON_BLOCKS = YES;
				GCC_OPTIMIZATION_LEVEL = 0;
				GCC_PREPROCESSOR_DEFINITIONS = (
					"DEBUG=1",
					"$(inherited)",
				);
				GCC_WARN_64_TO_32_BIT_CONVERSION = YES;
				GCC_WARN_ABOUT_RETURN_TYPE = YES_ERROR;
				GCC_WARN_UNDECLARED_SELECTOR = YES;
				GCC_WARN_UNINITIALIZED_AUTOS = YES_AGGRESSIVE;
				GCC_WARN_UNUSED_FUNCTION = YES;
				GCC_WARN_UNUSED_VARIABLE = YES;
				IPHONEOS_DEPLOYMENT_TARGET = 17.2;
				LOCALIZATION_PREFERS_STRING_CATALOGS = YES;
				MTL_ENABLE_DEBUG_INFO = INCLUDE_SOURCE;
				MTL_FAST_MATH = YES;
				ONLY_ACTIVE_ARCH = YES;
				SDKROOT = iphoneos;
				SWIFT_ACTIVE_COMPILATION_CONDITIONS = "DEBUG $(inherited)";
				SWIFT_OPTIMIZATION_LEVEL = "-Onone";
			};
			name = Debug;
		};
		1182F1D22B75DA110018BA76 /* Release */ = {
			isa = XCBuildConfiguration;
			buildSettings = {
				ALWAYS_SEARCH_USER_PATHS = NO;
				ASSETCATALOG_COMPILER_GENERATE_SWIFT_ASSET_SYMBOL_EXTENSIONS = YES;
				CLANG_ANALYZER_NONNULL = YES;
				CLANG_ANALYZER_NUMBER_OBJECT_CONVERSION = YES_AGGRESSIVE;
				CLANG_CXX_LANGUAGE_STANDARD = "gnu++20";
				CLANG_ENABLE_MODULES = YES;
				CLANG_ENABLE_OBJC_ARC = YES;
				CLANG_ENABLE_OBJC_WEAK = YES;
				CLANG_WARN_BLOCK_CAPTURE_AUTORELEASING = YES;
				CLANG_WARN_BOOL_CONVERSION = YES;
				CLANG_WARN_COMMA = YES;
				CLANG_WARN_CONSTANT_CONVERSION = YES;
				CLANG_WARN_DEPRECATED_OBJC_IMPLEMENTATIONS = YES;
				CLANG_WARN_DIRECT_OBJC_ISA_USAGE = YES_ERROR;
				CLANG_WARN_DOCUMENTATION_COMMENTS = YES;
				CLANG_WARN_EMPTY_BODY = YES;
				CLANG_WARN_ENUM_CONVERSION = YES;
				CLANG_WARN_INFINITE_RECURSION = YES;
				CLANG_WARN_INT_CONVERSION = YES;
				CLANG_WARN_NON_LITERAL_NULL_CONVERSION = YES;
				CLANG_WARN_OBJC_IMPLICIT_RETAIN_SELF = YES;
				CLANG_WARN_OBJC_LITERAL_CONVERSION = YES;
				CLANG_WARN_OBJC_ROOT_CLASS = YES_ERROR;
				CLANG_WARN_QUOTED_INCLUDE_IN_FRAMEWORK_HEADER = YES;
				CLANG_WARN_RANGE_LOOP_ANALYSIS = YES;
				CLANG_WARN_STRICT_PROTOTYPES = YES;
				CLANG_WARN_SUSPICIOUS_MOVE = YES;
				CLANG_WARN_UNGUARDED_AVAILABILITY = YES_AGGRESSIVE;
				CLANG_WARN_UNREACHABLE_CODE = YES;
				CLANG_WARN__DUPLICATE_METHOD_MATCH = YES;
				COPY_PHASE_STRIP = NO;
				DEBUG_INFORMATION_FORMAT = "dwarf-with-dsym";
				ENABLE_NS_ASSERTIONS = NO;
				ENABLE_STRICT_OBJC_MSGSEND = YES;
				ENABLE_USER_SCRIPT_SANDBOXING = NO;
				GCC_C_LANGUAGE_STANDARD = gnu17;
				GCC_NO_COMMON_BLOCKS = YES;
				GCC_WARN_64_TO_32_BIT_CONVERSION = YES;
				GCC_WARN_ABOUT_RETURN_TYPE = YES_ERROR;
				GCC_WARN_UNDECLARED_SELECTOR = YES;
				GCC_WARN_UNINITIALIZED_AUTOS = YES_AGGRESSIVE;
				GCC_WARN_UNUSED_FUNCTION = YES;
				GCC_WARN_UNUSED_VARIABLE = YES;
				IPHONEOS_DEPLOYMENT_TARGET = 17.2;
				LOCALIZATION_PREFERS_STRING_CATALOGS = YES;
				MTL_ENABLE_DEBUG_INFO = NO;
				MTL_FAST_MATH = YES;
				SDKROOT = iphoneos;
				SWIFT_COMPILATION_MODE = wholemodule;
				VALIDATE_PRODUCT = YES;
			};
			name = Release;
		};
		1182F1D42B75DA110018BA76 /* Debug */ = {
			isa = XCBuildConfiguration;
			baseConfigurationReference = CC652459F90DC72A6ED6569B /* Pods-Travel Memories.debug.xcconfig */;
			buildSettings = {
				ASSETCATALOG_COMPILER_APPICON_NAME = AppIcon;
				ASSETCATALOG_COMPILER_GLOBAL_ACCENT_COLOR_NAME = AccentColor;
				CODE_SIGN_STYLE = Automatic;
				CURRENT_PROJECT_VERSION = 1;
				DEVELOPMENT_TEAM = 45KC6823ML;
				GENERATE_INFOPLIST_FILE = YES;
				INFOPLIST_FILE = "Travel Memories/Supporting Files/Info.plist";
				INFOPLIST_KEY_UIApplicationSupportsIndirectInputEvents = YES;
				INFOPLIST_KEY_UILaunchStoryboardName = LaunchScreen;
				INFOPLIST_KEY_UIMainStoryboardFile = Main;
				INFOPLIST_KEY_UISupportedInterfaceOrientations_iPad = "UIInterfaceOrientationPortrait UIInterfaceOrientationPortraitUpsideDown UIInterfaceOrientationLandscapeLeft UIInterfaceOrientationLandscapeRight";
				INFOPLIST_KEY_UISupportedInterfaceOrientations_iPhone = "UIInterfaceOrientationPortrait UIInterfaceOrientationLandscapeLeft UIInterfaceOrientationLandscapeRight";
				IPHONEOS_DEPLOYMENT_TARGET = 16.0;
				LD_RUNPATH_SEARCH_PATHS = (
					"$(inherited)",
					"@executable_path/Frameworks",
				);
				MARKETING_VERSION = 1.0;
				PRODUCT_BUNDLE_IDENTIFIER = "com.kaska.Travel-Memories";
				PRODUCT_NAME = "$(TARGET_NAME)";
				SWIFT_EMIT_LOC_STRINGS = YES;
				SWIFT_VERSION = 5.0;
				TARGETED_DEVICE_FAMILY = "1,2";
			};
			name = Debug;
		};
		1182F1D52B75DA110018BA76 /* Release */ = {
			isa = XCBuildConfiguration;
			baseConfigurationReference = 553449E691C3AECB60D758EE /* Pods-Travel Memories.release.xcconfig */;
			buildSettings = {
				ASSETCATALOG_COMPILER_APPICON_NAME = AppIcon;
				ASSETCATALOG_COMPILER_GLOBAL_ACCENT_COLOR_NAME = AccentColor;
				CODE_SIGN_STYLE = Automatic;
				CURRENT_PROJECT_VERSION = 1;
				DEVELOPMENT_TEAM = 45KC6823ML;
				GENERATE_INFOPLIST_FILE = YES;
				INFOPLIST_FILE = "Travel Memories/Supporting Files/Info.plist";
				INFOPLIST_KEY_UIApplicationSupportsIndirectInputEvents = YES;
				INFOPLIST_KEY_UILaunchStoryboardName = LaunchScreen;
				INFOPLIST_KEY_UIMainStoryboardFile = Main;
				INFOPLIST_KEY_UISupportedInterfaceOrientations_iPad = "UIInterfaceOrientationPortrait UIInterfaceOrientationPortraitUpsideDown UIInterfaceOrientationLandscapeLeft UIInterfaceOrientationLandscapeRight";
				INFOPLIST_KEY_UISupportedInterfaceOrientations_iPhone = "UIInterfaceOrientationPortrait UIInterfaceOrientationLandscapeLeft UIInterfaceOrientationLandscapeRight";
				IPHONEOS_DEPLOYMENT_TARGET = 16.0;
				LD_RUNPATH_SEARCH_PATHS = (
					"$(inherited)",
					"@executable_path/Frameworks",
				);
				MARKETING_VERSION = 1.0;
				PRODUCT_BUNDLE_IDENTIFIER = "com.kaska.Travel-Memories";
				PRODUCT_NAME = "$(TARGET_NAME)";
				SWIFT_EMIT_LOC_STRINGS = YES;
				SWIFT_VERSION = 5.0;
				TARGETED_DEVICE_FAMILY = "1,2";
			};
			name = Release;
		};
		1182F1D72B75DA110018BA76 /* Debug */ = {
			isa = XCBuildConfiguration;
			baseConfigurationReference = 5E51BB46375888BAE06DB862 /* Pods-Travel MemoriesTests.debug.xcconfig */;
			buildSettings = {
				ALWAYS_EMBED_SWIFT_STANDARD_LIBRARIES = YES;
				BUNDLE_LOADER = "$(TEST_HOST)";
				CODE_SIGN_STYLE = Automatic;
				CURRENT_PROJECT_VERSION = 1;
				DEVELOPMENT_TEAM = 45KC6823ML;
				GENERATE_INFOPLIST_FILE = YES;
				IPHONEOS_DEPLOYMENT_TARGET = 17.2;
				MARKETING_VERSION = 1.0;
				PRODUCT_BUNDLE_IDENTIFIER = "com.kaska.Travel-MemoriesTests";
				PRODUCT_NAME = "$(TARGET_NAME)";
				SWIFT_EMIT_LOC_STRINGS = NO;
				SWIFT_VERSION = 5.0;
				TARGETED_DEVICE_FAMILY = "1,2";
				TEST_HOST = "$(BUILT_PRODUCTS_DIR)/Travel Memories.app/$(BUNDLE_EXECUTABLE_FOLDER_PATH)/Travel Memories";
			};
			name = Debug;
		};
		1182F1D82B75DA110018BA76 /* Release */ = {
			isa = XCBuildConfiguration;
			baseConfigurationReference = 27ABDA1508F68807BEB6DCFA /* Pods-Travel MemoriesTests.release.xcconfig */;
			buildSettings = {
				ALWAYS_EMBED_SWIFT_STANDARD_LIBRARIES = YES;
				BUNDLE_LOADER = "$(TEST_HOST)";
				CODE_SIGN_STYLE = Automatic;
				CURRENT_PROJECT_VERSION = 1;
				DEVELOPMENT_TEAM = 45KC6823ML;
				GENERATE_INFOPLIST_FILE = YES;
				IPHONEOS_DEPLOYMENT_TARGET = 17.2;
				MARKETING_VERSION = 1.0;
				PRODUCT_BUNDLE_IDENTIFIER = "com.kaska.Travel-MemoriesTests";
				PRODUCT_NAME = "$(TARGET_NAME)";
				SWIFT_EMIT_LOC_STRINGS = NO;
				SWIFT_VERSION = 5.0;
				TARGETED_DEVICE_FAMILY = "1,2";
				TEST_HOST = "$(BUILT_PRODUCTS_DIR)/Travel Memories.app/$(BUNDLE_EXECUTABLE_FOLDER_PATH)/Travel Memories";
			};
			name = Release;
		};
		1182F1DA2B75DA110018BA76 /* Debug */ = {
			isa = XCBuildConfiguration;
			baseConfigurationReference = 49C7FF2B698F512EFCF61AF9 /* Pods-Travel Memories-Travel MemoriesUITests.debug.xcconfig */;
			buildSettings = {
				ALWAYS_EMBED_SWIFT_STANDARD_LIBRARIES = YES;
				CODE_SIGN_STYLE = Automatic;
				CURRENT_PROJECT_VERSION = 1;
				DEVELOPMENT_TEAM = 45KC6823ML;
				GENERATE_INFOPLIST_FILE = YES;
				MARKETING_VERSION = 1.0;
				PRODUCT_BUNDLE_IDENTIFIER = "com.kaska.Travel-MemoriesUITests";
				PRODUCT_NAME = "$(TARGET_NAME)";
				SWIFT_EMIT_LOC_STRINGS = NO;
				SWIFT_VERSION = 5.0;
				TARGETED_DEVICE_FAMILY = "1,2";
				TEST_TARGET_NAME = "Travel Memories";
			};
			name = Debug;
		};
		1182F1DB2B75DA110018BA76 /* Release */ = {
			isa = XCBuildConfiguration;
			baseConfigurationReference = 8982235FA5FE9D9A76D19F01 /* Pods-Travel Memories-Travel MemoriesUITests.release.xcconfig */;
			buildSettings = {
				ALWAYS_EMBED_SWIFT_STANDARD_LIBRARIES = YES;
				CODE_SIGN_STYLE = Automatic;
				CURRENT_PROJECT_VERSION = 1;
				DEVELOPMENT_TEAM = 45KC6823ML;
				GENERATE_INFOPLIST_FILE = YES;
				MARKETING_VERSION = 1.0;
				PRODUCT_BUNDLE_IDENTIFIER = "com.kaska.Travel-MemoriesUITests";
				PRODUCT_NAME = "$(TARGET_NAME)";
				SWIFT_EMIT_LOC_STRINGS = NO;
				SWIFT_VERSION = 5.0;
				TARGETED_DEVICE_FAMILY = "1,2";
				TEST_TARGET_NAME = "Travel Memories";
			};
			name = Release;
		};
/* End XCBuildConfiguration section */

/* Begin XCConfigurationList section */
		1182F1A42B75DA0E0018BA76 /* Build configuration list for PBXProject "Travel Memories" */ = {
			isa = XCConfigurationList;
			buildConfigurations = (
				1182F1D12B75DA110018BA76 /* Debug */,
				1182F1D22B75DA110018BA76 /* Release */,
			);
			defaultConfigurationIsVisible = 0;
			defaultConfigurationName = Release;
		};
		1182F1D32B75DA110018BA76 /* Build configuration list for PBXNativeTarget "Travel Memories" */ = {
			isa = XCConfigurationList;
			buildConfigurations = (
				1182F1D42B75DA110018BA76 /* Debug */,
				1182F1D52B75DA110018BA76 /* Release */,
			);
			defaultConfigurationIsVisible = 0;
			defaultConfigurationName = Release;
		};
		1182F1D62B75DA110018BA76 /* Build configuration list for PBXNativeTarget "Travel MemoriesTests" */ = {
			isa = XCConfigurationList;
			buildConfigurations = (
				1182F1D72B75DA110018BA76 /* Debug */,
				1182F1D82B75DA110018BA76 /* Release */,
			);
			defaultConfigurationIsVisible = 0;
			defaultConfigurationName = Release;
		};
		1182F1D92B75DA110018BA76 /* Build configuration list for PBXNativeTarget "Travel MemoriesUITests" */ = {
			isa = XCConfigurationList;
			buildConfigurations = (
				1182F1DA2B75DA110018BA76 /* Debug */,
				1182F1DB2B75DA110018BA76 /* Release */,
			);
			defaultConfigurationIsVisible = 0;
			defaultConfigurationName = Release;
		};
/* End XCConfigurationList section */
	};
	rootObject = 1182F1A12B75DA0E0018BA76 /* Project object */;
}
