// !$*UTF8*$!
{
	archiveVersion = 1;
	classes = {
	};
	objectVersion = 56;
	objects = {

/* Begin PBXBuildFile section */
		1182F1AD2B75DA0E0018BA76 /* AppDelegate.swift in Sources */ = {isa = PBXBuildFile; fileRef = 1182F1AC2B75DA0E0018BA76 /* AppDelegate.swift */; };
		1182F1AF2B75DA0E0018BA76 /* SceneDelegate.swift in Sources */ = {isa = PBXBuildFile; fileRef = 1182F1AE2B75DA0E0018BA76 /* SceneDelegate.swift */; };
		1182F1B12B75DA0E0018BA76 /* ViewController.swift in Sources */ = {isa = PBXBuildFile; fileRef = 1182F1B02B75DA0E0018BA76 /* ViewController.swift */; };
		1182F1B42B75DA0E0018BA76 /* Main.storyboard in Resources */ = {isa = PBXBuildFile; fileRef = 1182F1B22B75DA0E0018BA76 /* Main.storyboard */; };
		1182F1B62B75DA100018BA76 /* Assets.xcassets in Resources */ = {isa = PBXBuildFile; fileRef = 1182F1B52B75DA100018BA76 /* Assets.xcassets */; };
		1182F1B92B75DA100018BA76 /* LaunchScreen.storyboard in Resources */ = {isa = PBXBuildFile; fileRef = 1182F1B72B75DA100018BA76 /* LaunchScreen.storyboard */; };
		1182F1C42B75DA100018BA76 /* Travel_MemoriesTests.swift in Sources */ = {isa = PBXBuildFile; fileRef = 1182F1C32B75DA100018BA76 /* Travel_MemoriesTests.swift */; };
		1182F1CE2B75DA110018BA76 /* Travel_MemoriesUITests.swift in Sources */ = {isa = PBXBuildFile; fileRef = 1182F1CD2B75DA110018BA76 /* Travel_MemoriesUITests.swift */; };
		1182F1D02B75DA110018BA76 /* Travel_MemoriesUITestsLaunchTests.swift in Sources */ = {isa = PBXBuildFile; fileRef = 1182F1CF2B75DA110018BA76 /* Travel_MemoriesUITestsLaunchTests.swift */; };
/* End PBXBuildFile section */

/* Begin PBXContainerItemProxy section */
		1182F1C02B75DA100018BA76 /* PBXContainerItemProxy */ = {
			isa = PBXContainerItemProxy;
			containerPortal = 1182F1A12B75DA0E0018BA76 /* Project object */;
			proxyType = 1;
			remoteGlobalIDString = 1182F1A82B75DA0E0018BA76;
			remoteInfo = "Travel Memories";
		};
		1182F1CA2B75DA100018BA76 /* PBXContainerItemProxy */ = {
			isa = PBXContainerItemProxy;
			containerPortal = 1182F1A12B75DA0E0018BA76 /* Project object */;
			proxyType = 1;
			remoteGlobalIDString = 1182F1A82B75DA0E0018BA76;
			remoteInfo = "Travel Memories";
		};
/* End PBXContainerItemProxy section */

/* Begin PBXFileReference section */
		1182F1A92B75DA0E0018BA76 /* Travel Memories.app */ = {isa = PBXFileReference; explicitFileType = wrapper.application; includeInIndex = 0; path = "Travel Memories.app"; sourceTree = BUILT_PRODUCTS_DIR; };
		1182F1AC2B75DA0E0018BA76 /* AppDelegate.swift */ = {isa = PBXFileReference; lastKnownFileType = sourcecode.swift; path = AppDelegate.swift; sourceTree = "<group>"; };
		1182F1AE2B75DA0E0018BA76 /* SceneDelegate.swift */ = {isa = PBXFileReference; lastKnownFileType = sourcecode.swift; path = SceneDelegate.swift; sourceTree = "<group>"; };
		1182F1B02B75DA0E0018BA76 /* ViewController.swift */ = {isa = PBXFileReference; lastKnownFileType = sourcecode.swift; path = ViewController.swift; sourceTree = "<group>"; };
		1182F1B32B75DA0E0018BA76 /* Base */ = {isa = PBXFileReference; lastKnownFileType = file.storyboard; name = Base; path = Base.lproj/Main.storyboard; sourceTree = "<group>"; };
		1182F1B52B75DA100018BA76 /* Assets.xcassets */ = {isa = PBXFileReference; lastKnownFileType = folder.assetcatalog; path = Assets.xcassets; sourceTree = "<group>"; };
		1182F1B82B75DA100018BA76 /* Base */ = {isa = PBXFileReference; lastKnownFileType = file.storyboard; name = Base; path = Base.lproj/LaunchScreen.storyboard; sourceTree = "<group>"; };
		1182F1BA2B75DA100018BA76 /* Info.plist */ = {isa = PBXFileReference; lastKnownFileType = text.plist.xml; path = Info.plist; sourceTree = "<group>"; };
		1182F1BF2B75DA100018BA76 /* Travel MemoriesTests.xctest */ = {isa = PBXFileReference; explicitFileType = wrapper.cfbundle; includeInIndex = 0; path = "Travel MemoriesTests.xctest"; sourceTree = BUILT_PRODUCTS_DIR; };
		1182F1C32B75DA100018BA76 /* Travel_MemoriesTests.swift */ = {isa = PBXFileReference; lastKnownFileType = sourcecode.swift; path = Travel_MemoriesTests.swift; sourceTree = "<group>"; };
		1182F1C92B75DA100018BA76 /* Travel MemoriesUITests.xctest */ = {isa = PBXFileReference; explicitFileType = wrapper.cfbundle; includeInIndex = 0; path = "Travel MemoriesUITests.xctest"; sourceTree = BUILT_PRODUCTS_DIR; };
		1182F1CD2B75DA110018BA76 /* Travel_MemoriesUITests.swift */ = {isa = PBXFileReference; lastKnownFileType = sourcecode.swift; path = Travel_MemoriesUITests.swift; sourceTree = "<group>"; };
		1182F1CF2B75DA110018BA76 /* Travel_MemoriesUITestsLaunchTests.swift */ = {isa = PBXFileReference; lastKnownFileType = sourcecode.swift; path = Travel_MemoriesUITestsLaunchTests.swift; sourceTree = "<group>"; };
/* End PBXFileReference section */

/* Begin PBXFrameworksBuildPhase section */
		1182F1A62B75DA0E0018BA76 /* Frameworks */ = {
			isa = PBXFrameworksBuildPhase;
			buildActionMask = 2147483647;
			files = (
			);
			runOnlyForDeploymentPostprocessing = 0;
		};
		1182F1BC2B75DA100018BA76 /* Frameworks */ = {
			isa = PBXFrameworksBuildPhase;
			buildActionMask = 2147483647;
			files = (
			);
			runOnlyForDeploymentPostprocessing = 0;
		};
		1182F1C62B75DA100018BA76 /* Frameworks */ = {
			isa = PBXFrameworksBuildPhase;
			buildActionMask = 2147483647;
			files = (
			);
			runOnlyForDeploymentPostprocessing = 0;
		};
/* End PBXFrameworksBuildPhase section */

/* Begin PBXGroup section */
		1182F1A02B75DA0E0018BA76 = {
			isa = PBXGroup;
			children = (
				1182F1AB2B75DA0E0018BA76 /* Travel Memories */,
				1182F1C22B75DA100018BA76 /* Travel MemoriesTests */,
				1182F1CC2B75DA110018BA76 /* Travel MemoriesUITests */,
				1182F1AA2B75DA0E0018BA76 /* Products */,
			);
			sourceTree = "<group>";
		};
		1182F1AA2B75DA0E0018BA76 /* Products */ = {
			isa = PBXGroup;
			children = (
				1182F1A92B75DA0E0018BA76 /* Travel Memories.app */,
				1182F1BF2B75DA100018BA76 /* Travel MemoriesTests.xctest */,
				1182F1C92B75DA100018BA76 /* Travel MemoriesUITests.xctest */,
			);
			name = Products;
			sourceTree = "<group>";
		};
		1182F1AB2B75DA0E0018BA76 /* Travel Memories */ = {
			isa = PBXGroup;
			children = (
				1182F1AC2B75DA0E0018BA76 /* AppDelegate.swift */,
				1182F1AE2B75DA0E0018BA76 /* SceneDelegate.swift */,
				1182F1B02B75DA0E0018BA76 /* ViewController.swift */,
				1182F1B22B75DA0E0018BA76 /* Main.storyboard */,
				1182F1B52B75DA100018BA76 /* Assets.xcassets */,
				1182F1B72B75DA100018BA76 /* LaunchScreen.storyboard */,
				1182F1BA2B75DA100018BA76 /* Info.plist */,
			);
			path = "Travel Memories";
			sourceTree = "<group>";
		};
		1182F1C22B75DA100018BA76 /* Travel MemoriesTests */ = {
			isa = PBXGroup;
			children = (
				1182F1C32B75DA100018BA76 /* Travel_MemoriesTests.swift */,
			);
			path = "Travel MemoriesTests";
			sourceTree = "<group>";
		};
		1182F1CC2B75DA110018BA76 /* Travel MemoriesUITests */ = {
			isa = PBXGroup;
			children = (
				1182F1CD2B75DA110018BA76 /* Travel_MemoriesUITests.swift */,
				1182F1CF2B75DA110018BA76 /* Travel_MemoriesUITestsLaunchTests.swift */,
			);
			path = "Travel MemoriesUITests";
			sourceTree = "<group>";
		};
/* End PBXGroup section */

/* Begin PBXNativeTarget section */
		1182F1A82B75DA0E0018BA76 /* Travel Memories */ = {
			isa = PBXNativeTarget;
			buildConfigurationList = 1182F1D32B75DA110018BA76 /* Build configuration list for PBXNativeTarget "Travel Memories" */;
			buildPhases = (
				1182F1A52B75DA0E0018BA76 /* Sources */,
				1182F1A62B75DA0E0018BA76 /* Frameworks */,
				1182F1A72B75DA0E0018BA76 /* Resources */,
			);
			buildRules = (
			);
			dependencies = (
			);
			name = "Travel Memories";
			productName = "Travel Memories";
			productReference = 1182F1A92B75DA0E0018BA76 /* Travel Memories.app */;
			productType = "com.apple.product-type.application";
		};
		1182F1BE2B75DA100018BA76 /* Travel MemoriesTests */ = {
			isa = PBXNativeTarget;
			buildConfigurationList = 1182F1D62B75DA110018BA76 /* Build configuration list for PBXNativeTarget "Travel MemoriesTests" */;
			buildPhases = (
				1182F1BB2B75DA100018BA76 /* Sources */,
				1182F1BC2B75DA100018BA76 /* Frameworks */,
				1182F1BD2B75DA100018BA76 /* Resources */,
			);
			buildRules = (
			);
			dependencies = (
				1182F1C12B75DA100018BA76 /* PBXTargetDependency */,
			);
			name = "Travel MemoriesTests";
			productName = "Travel MemoriesTests";
			productReference = 1182F1BF2B75DA100018BA76 /* Travel MemoriesTests.xctest */;
			productType = "com.apple.product-type.bundle.unit-test";
		};
		1182F1C82B75DA100018BA76 /* Travel MemoriesUITests */ = {
			isa = PBXNativeTarget;
			buildConfigurationList = 1182F1D92B75DA110018BA76 /* Build configuration list for PBXNativeTarget "Travel MemoriesUITests" */;
			buildPhases = (
				1182F1C52B75DA100018BA76 /* Sources */,
				1182F1C62B75DA100018BA76 /* Frameworks */,
				1182F1C72B75DA100018BA76 /* Resources */,
			);
			buildRules = (
			);
			dependencies = (
				1182F1CB2B75DA100018BA76 /* PBXTargetDependency */,
			);
			name = "Travel MemoriesUITests";
			productName = "Travel MemoriesUITests";
			productReference = 1182F1C92B75DA100018BA76 /* Travel MemoriesUITests.xctest */;
			productType = "com.apple.product-type.bundle.ui-testing";
		};
/* End PBXNativeTarget section */

/* Begin PBXProject section */
		1182F1A12B75DA0E0018BA76 /* Project object */ = {
			isa = PBXProject;
			attributes = {
				BuildIndependentTargetsInParallel = 1;
				LastSwiftUpdateCheck = 1520;
				LastUpgradeCheck = 1520;
				TargetAttributes = {
					1182F1A82B75DA0E0018BA76 = {
						CreatedOnToolsVersion = 15.2;
					};
					1182F1BE2B75DA100018BA76 = {
						CreatedOnToolsVersion = 15.2;
						TestTargetID = 1182F1A82B75DA0E0018BA76;
					};
					1182F1C82B75DA100018BA76 = {
						CreatedOnToolsVersion = 15.2;
						TestTargetID = 1182F1A82B75DA0E0018BA76;
					};
				};
			};
			buildConfigurationList = 1182F1A42B75DA0E0018BA76 /* Build configuration list for PBXProject "Travel Memories" */;
			compatibilityVersion = "Xcode 14.0";
			developmentRegion = en;
			hasScannedForEncodings = 0;
			knownRegions = (
				en,
				Base,
			);
			mainGroup = 1182F1A02B75DA0E0018BA76;
			productRefGroup = 1182F1AA2B75DA0E0018BA76 /* Products */;
			projectDirPath = "";
			projectRoot = "";
			targets = (
				1182F1A82B75DA0E0018BA76 /* Travel Memories */,
				1182F1BE2B75DA100018BA76 /* Travel MemoriesTests */,
				1182F1C82B75DA100018BA76 /* Travel MemoriesUITests */,
			);
		};
/* End PBXProject section */

/* Begin PBXResourcesBuildPhase section */
		1182F1A72B75DA0E0018BA76 /* Resources */ = {
			isa = PBXResourcesBuildPhase;
			buildActionMask = 2147483647;
			files = (
				1182F1B92B75DA100018BA76 /* LaunchScreen.storyboard in Resources */,
				1182F1B62B75DA100018BA76 /* Assets.xcassets in Resources */,
				1182F1B42B75DA0E0018BA76 /* Main.storyboard in Resources */,
			);
			runOnlyForDeploymentPostprocessing = 0;
		};
		1182F1BD2B75DA100018BA76 /* Resources */ = {
			isa = PBXResourcesBuildPhase;
			buildActionMask = 2147483647;
			files = (
			);
			runOnlyForDeploymentPostprocessing = 0;
		};
		1182F1C72B75DA100018BA76 /* Resources */ = {
			isa = PBXResourcesBuildPhase;
			buildActionMask = 2147483647;
			files = (
			);
			runOnlyForDeploymentPostprocessing = 0;
		};
/* End PBXResourcesBuildPhase section */

/* Begin PBXSourcesBuildPhase section */
		1182F1A52B75DA0E0018BA76 /* Sources */ = {
			isa = PBXSourcesBuildPhase;
			buildActionMask = 2147483647;
			files = (
				1182F1B12B75DA0E0018BA76 /* ViewController.swift in Sources */,
				1182F1AD2B75DA0E0018BA76 /* AppDelegate.swift in Sources */,
				1182F1AF2B75DA0E0018BA76 /* SceneDelegate.swift in Sources */,
			);
			runOnlyForDeploymentPostprocessing = 0;
		};
		1182F1BB2B75DA100018BA76 /* Sources */ = {
			isa = PBXSourcesBuildPhase;
			buildActionMask = 2147483647;
			files = (
				1182F1C42B75DA100018BA76 /* Travel_MemoriesTests.swift in Sources */,
			);
			runOnlyForDeploymentPostprocessing = 0;
		};
		1182F1C52B75DA100018BA76 /* Sources */ = {
			isa = PBXSourcesBuildPhase;
			buildActionMask = 2147483647;
			files = (
				1182F1CE2B75DA110018BA76 /* Travel_MemoriesUITests.swift in Sources */,
				1182F1D02B75DA110018BA76 /* Travel_MemoriesUITestsLaunchTests.swift in Sources */,
			);
			runOnlyForDeploymentPostprocessing = 0;
		};
/* End PBXSourcesBuildPhase section */

/* Begin PBXTargetDependency section */
		1182F1C12B75DA100018BA76 /* PBXTargetDependency */ = {
			isa = PBXTargetDependency;
			target = 1182F1A82B75DA0E0018BA76 /* Travel Memories */;
			targetProxy = 1182F1C02B75DA100018BA76 /* PBXContainerItemProxy */;
		};
		1182F1CB2B75DA100018BA76 /* PBXTargetDependency */ = {
			isa = PBXTargetDependency;
			target = 1182F1A82B75DA0E0018BA76 /* Travel Memories */;
			targetProxy = 1182F1CA2B75DA100018BA76 /* PBXContainerItemProxy */;
		};
/* End PBXTargetDependency section */

/* Begin PBXVariantGroup section */
		1182F1B22B75DA0E0018BA76 /* Main.storyboard */ = {
			isa = PBXVariantGroup;
			children = (
				1182F1B32B75DA0E0018BA76 /* Base */,
			);
			name = Main.storyboard;
			sourceTree = "<group>";
		};
		1182F1B72B75DA100018BA76 /* LaunchScreen.storyboard */ = {
			isa = PBXVariantGroup;
			children = (
				1182F1B82B75DA100018BA76 /* Base */,
			);
			name = LaunchScreen.storyboard;
			sourceTree = "<group>";
		};
/* End PBXVariantGroup section */

/* Begin XCBuildConfiguration section */
		1182F1D12B75DA110018BA76 /* Debug */ = {
			isa = XCBuildConfiguration;
			buildSettings = {
				ALWAYS_SEARCH_USER_PATHS = NO;
				ASSETCATALOG_COMPILER_GENERATE_SWIFT_ASSET_SYMBOL_EXTENSIONS = YES;
				CLANG_ANALYZER_NONNULL = YES;
				CLANG_ANALYZER_NUMBER_OBJECT_CONVERSION = YES_AGGRESSIVE;
				CLANG_CXX_LANGUAGE_STANDARD = "gnu++20";
				CLANG_ENABLE_MODULES = YES;
				CLANG_ENABLE_OBJC_ARC = YES;
				CLANG_ENABLE_OBJC_WEAK = YES;
				CLANG_WARN_BLOCK_CAPTURE_AUTORELEASING = YES;
				CLANG_WARN_BOOL_CONVERSION = YES;
				CLANG_WARN_COMMA = YES;
				CLANG_WARN_CONSTANT_CONVERSION = YES;
				CLANG_WARN_DEPRECATED_OBJC_IMPLEMENTATIONS = YES;
				CLANG_WARN_DIRECT_OBJC_ISA_USAGE = YES_ERROR;
				CLANG_WARN_DOCUMENTATION_COMMENTS = YES;
				CLANG_WARN_EMPTY_BODY = YES;
				CLANG_WARN_ENUM_CONVERSION = YES;
				CLANG_WARN_INFINITE_RECURSION = YES;
				CLANG_WARN_INT_CONVERSION = YES;
				CLANG_WARN_NON_LITERAL_NULL_CONVERSION = YES;
				CLANG_WARN_OBJC_IMPLICIT_RETAIN_SELF = YES;
				CLANG_WARN_OBJC_LITERAL_CONVERSION = YES;
				CLANG_WARN_OBJC_ROOT_CLASS = YES_ERROR;
				CLANG_WARN_QUOTED_INCLUDE_IN_FRAMEWORK_HEADER = YES;
				CLANG_WARN_RANGE_LOOP_ANALYSIS = YES;
				CLANG_WARN_STRICT_PROTOTYPES = YES;
				CLANG_WARN_SUSPICIOUS_MOVE = YES;
				CLANG_WARN_UNGUARDED_AVAILABILITY = YES_AGGRESSIVE;
				CLANG_WARN_UNREACHABLE_CODE = YES;
				CLANG_WARN__DUPLICATE_METHOD_MATCH = YES;
				COPY_PHASE_STRIP = NO;
				DEBUG_INFORMATION_FORMAT = dwarf;
				ENABLE_STRICT_OBJC_MSGSEND = YES;
				ENABLE_TESTABILITY = YES;
				ENABLE_USER_SCRIPT_SANDBOXING = YES;
				GCC_C_LANGUAGE_STANDARD = gnu17;
				GCC_DYNAMIC_NO_PIC = NO;
				GCC_NO_COMMON_BLOCKS = YES;
				GCC_OPTIMIZATION_LEVEL = 0;
				GCC_PREPROCESSOR_DEFINITIONS = (
					"DEBUG=1",
					"$(inherited)",
				);
				GCC_WARN_64_TO_32_BIT_CONVERSION = YES;
				GCC_WARN_ABOUT_RETURN_TYPE = YES_ERROR;
				GCC_WARN_UNDECLARED_SELECTOR = YES;
				GCC_WARN_UNINITIALIZED_AUTOS = YES_AGGRESSIVE;
				GCC_WARN_UNUSED_FUNCTION = YES;
				GCC_WARN_UNUSED_VARIABLE = YES;
				IPHONEOS_DEPLOYMENT_TARGET = 17.2;
				LOCALIZATION_PREFERS_STRING_CATALOGS = YES;
				MTL_ENABLE_DEBUG_INFO = INCLUDE_SOURCE;
				MTL_FAST_MATH = YES;
				ONLY_ACTIVE_ARCH = YES;
				SDKROOT = iphoneos;
				SWIFT_ACTIVE_COMPILATION_CONDITIONS = "DEBUG $(inherited)";
				SWIFT_OPTIMIZATION_LEVEL = "-Onone";
			};
			name = Debug;
		};
		1182F1D22B75DA110018BA76 /* Release */ = {
			isa = XCBuildConfiguration;
			buildSettings = {
				ALWAYS_SEARCH_USER_PATHS = NO;
				ASSETCATALOG_COMPILER_GENERATE_SWIFT_ASSET_SYMBOL_EXTENSIONS = YES;
				CLANG_ANALYZER_NONNULL = YES;
				CLANG_ANALYZER_NUMBER_OBJECT_CONVERSION = YES_AGGRESSIVE;
				CLANG_CXX_LANGUAGE_STANDARD = "gnu++20";
				CLANG_ENABLE_MODULES = YES;
				CLANG_ENABLE_OBJC_ARC = YES;
				CLANG_ENABLE_OBJC_WEAK = YES;
				CLANG_WARN_BLOCK_CAPTURE_AUTORELEASING = YES;
				CLANG_WARN_BOOL_CONVERSION = YES;
				CLANG_WARN_COMMA = YES;
				CLANG_WARN_CONSTANT_CONVERSION = YES;
				CLANG_WARN_DEPRECATED_OBJC_IMPLEMENTATIONS = YES;
				CLANG_WARN_DIRECT_OBJC_ISA_USAGE = YES_ERROR;
				CLANG_WARN_DOCUMENTATION_COMMENTS = YES;
				CLANG_WARN_EMPTY_BODY = YES;
				CLANG_WARN_ENUM_CONVERSION = YES;
				CLANG_WARN_INFINITE_RECURSION = YES;
				CLANG_WARN_INT_CONVERSION = YES;
				CLANG_WARN_NON_LITERAL_NULL_CONVERSION = YES;
				CLANG_WARN_OBJC_IMPLICIT_RETAIN_SELF = YES;
				CLANG_WARN_OBJC_LITERAL_CONVERSION = YES;
				CLANG_WARN_OBJC_ROOT_CLASS = YES_ERROR;
				CLANG_WARN_QUOTED_INCLUDE_IN_FRAMEWORK_HEADER = YES;
				CLANG_WARN_RANGE_LOOP_ANALYSIS = YES;
				CLANG_WARN_STRICT_PROTOTYPES = YES;
				CLANG_WARN_SUSPICIOUS_MOVE = YES;
				CLANG_WARN_UNGUARDED_AVAILABILITY = YES_AGGRESSIVE;
				CLANG_WARN_UNREACHABLE_CODE = YES;
				CLANG_WARN__DUPLICATE_METHOD_MATCH = YES;
				COPY_PHASE_STRIP = NO;
				DEBUG_INFORMATION_FORMAT = "dwarf-with-dsym";
				ENABLE_NS_ASSERTIONS = NO;
				ENABLE_STRICT_OBJC_MSGSEND = YES;
				ENABLE_USER_SCRIPT_SANDBOXING = YES;
				GCC_C_LANGUAGE_STANDARD = gnu17;
				GCC_NO_COMMON_BLOCKS = YES;
				GCC_WARN_64_TO_32_BIT_CONVERSION = YES;
				GCC_WARN_ABOUT_RETURN_TYPE = YES_ERROR;
				GCC_WARN_UNDECLARED_SELECTOR = YES;
				GCC_WARN_UNINITIALIZED_AUTOS = YES_AGGRESSIVE;
				GCC_WARN_UNUSED_FUNCTION = YES;
				GCC_WARN_UNUSED_VARIABLE = YES;
				IPHONEOS_DEPLOYMENT_TARGET = 17.2;
				LOCALIZATION_PREFERS_STRING_CATALOGS = YES;
				MTL_ENABLE_DEBUG_INFO = NO;
				MTL_FAST_MATH = YES;
				SDKROOT = iphoneos;
				SWIFT_COMPILATION_MODE = wholemodule;
				VALIDATE_PRODUCT = YES;
			};
			name = Release;
		};
		1182F1D42B75DA110018BA76 /* Debug */ = {
			isa = XCBuildConfiguration;
			buildSettings = {
				ASSETCATALOG_COMPILER_APPICON_NAME = AppIcon;
				ASSETCATALOG_COMPILER_GLOBAL_ACCENT_COLOR_NAME = AccentColor;
				CODE_SIGN_STYLE = Automatic;
				CURRENT_PROJECT_VERSION = 1;
				DEVELOPMENT_TEAM = 45KC6823ML;
				GENERATE_INFOPLIST_FILE = YES;
				INFOPLIST_FILE = "Travel Memories/Info.plist";
				INFOPLIST_KEY_UIApplicationSupportsIndirectInputEvents = YES;
				INFOPLIST_KEY_UILaunchStoryboardName = LaunchScreen;
				INFOPLIST_KEY_UIMainStoryboardFile = Main;
				INFOPLIST_KEY_UISupportedInterfaceOrientations_iPad = "UIInterfaceOrientationPortrait UIInterfaceOrientationPortraitUpsideDown UIInterfaceOrientationLandscapeLeft UIInterfaceOrientationLandscapeRight";
				INFOPLIST_KEY_UISupportedInterfaceOrientations_iPhone = "UIInterfaceOrientationPortrait UIInterfaceOrientationLandscapeLeft UIInterfaceOrientationLandscapeRight";
				LD_RUNPATH_SEARCH_PATHS = (
					"$(inherited)",
					"@executable_path/Frameworks",
				);
				MARKETING_VERSION = 1.0;
				PRODUCT_BUNDLE_IDENTIFIER = "com.kaska.Travel-Memories";
				PRODUCT_NAME = "$(TARGET_NAME)";
				SWIFT_EMIT_LOC_STRINGS = YES;
				SWIFT_VERSION = 5.0;
				TARGETED_DEVICE_FAMILY = "1,2";
			};
			name = Debug;
		};
		1182F1D52B75DA110018BA76 /* Release */ = {
			isa = XCBuildConfiguration;
			buildSettings = {
				ASSETCATALOG_COMPILER_APPICON_NAME = AppIcon;
				ASSETCATALOG_COMPILER_GLOBAL_ACCENT_COLOR_NAME = AccentColor;
				CODE_SIGN_STYLE = Automatic;
				CURRENT_PROJECT_VERSION = 1;
				DEVELOPMENT_TEAM = 45KC6823ML;
				GENERATE_INFOPLIST_FILE = YES;
				INFOPLIST_FILE = "Travel Memories/Info.plist";
				INFOPLIST_KEY_UIApplicationSupportsIndirectInputEvents = YES;
				INFOPLIST_KEY_UILaunchStoryboardName = LaunchScreen;
				INFOPLIST_KEY_UIMainStoryboardFile = Main;
				INFOPLIST_KEY_UISupportedInterfaceOrientations_iPad = "UIInterfaceOrientationPortrait UIInterfaceOrientationPortraitUpsideDown UIInterfaceOrientationLandscapeLeft UIInterfaceOrientationLandscapeRight";
				INFOPLIST_KEY_UISupportedInterfaceOrientations_iPhone = "UIInterfaceOrientationPortrait UIInterfaceOrientationLandscapeLeft UIInterfaceOrientationLandscapeRight";
				LD_RUNPATH_SEARCH_PATHS = (
					"$(inherited)",
					"@executable_path/Frameworks",
				);
				MARKETING_VERSION = 1.0;
				PRODUCT_BUNDLE_IDENTIFIER = "com.kaska.Travel-Memories";
				PRODUCT_NAME = "$(TARGET_NAME)";
				SWIFT_EMIT_LOC_STRINGS = YES;
				SWIFT_VERSION = 5.0;
				TARGETED_DEVICE_FAMILY = "1,2";
			};
			name = Release;
		};
		1182F1D72B75DA110018BA76 /* Debug */ = {
			isa = XCBuildConfiguration;
			buildSettings = {
				ALWAYS_EMBED_SWIFT_STANDARD_LIBRARIES = YES;
				BUNDLE_LOADER = "$(TEST_HOST)";
				CODE_SIGN_STYLE = Automatic;
				CURRENT_PROJECT_VERSION = 1;
				DEVELOPMENT_TEAM = 45KC6823ML;
				GENERATE_INFOPLIST_FILE = YES;
				IPHONEOS_DEPLOYMENT_TARGET = 17.2;
				MARKETING_VERSION = 1.0;
				PRODUCT_BUNDLE_IDENTIFIER = "com.kaska.Travel-MemoriesTests";
				PRODUCT_NAME = "$(TARGET_NAME)";
				SWIFT_EMIT_LOC_STRINGS = NO;
				SWIFT_VERSION = 5.0;
				TARGETED_DEVICE_FAMILY = "1,2";
				TEST_HOST = "$(BUILT_PRODUCTS_DIR)/Travel Memories.app/$(BUNDLE_EXECUTABLE_FOLDER_PATH)/Travel Memories";
			};
			name = Debug;
		};
		1182F1D82B75DA110018BA76 /* Release */ = {
			isa = XCBuildConfiguration;
			buildSettings = {
				ALWAYS_EMBED_SWIFT_STANDARD_LIBRARIES = YES;
				BUNDLE_LOADER = "$(TEST_HOST)";
				CODE_SIGN_STYLE = Automatic;
				CURRENT_PROJECT_VERSION = 1;
				DEVELOPMENT_TEAM = 45KC6823ML;
				GENERATE_INFOPLIST_FILE = YES;
				IPHONEOS_DEPLOYMENT_TARGET = 17.2;
				MARKETING_VERSION = 1.0;
				PRODUCT_BUNDLE_IDENTIFIER = "com.kaska.Travel-MemoriesTests";
				PRODUCT_NAME = "$(TARGET_NAME)";
				SWIFT_EMIT_LOC_STRINGS = NO;
				SWIFT_VERSION = 5.0;
				TARGETED_DEVICE_FAMILY = "1,2";
				TEST_HOST = "$(BUILT_PRODUCTS_DIR)/Travel Memories.app/$(BUNDLE_EXECUTABLE_FOLDER_PATH)/Travel Memories";
			};
			name = Release;
		};
		1182F1DA2B75DA110018BA76 /* Debug */ = {
			isa = XCBuildConfiguration;
			buildSettings = {
				ALWAYS_EMBED_SWIFT_STANDARD_LIBRARIES = YES;
				CODE_SIGN_STYLE = Automatic;
				CURRENT_PROJECT_VERSION = 1;
				DEVELOPMENT_TEAM = 45KC6823ML;
				GENERATE_INFOPLIST_FILE = YES;
				MARKETING_VERSION = 1.0;
				PRODUCT_BUNDLE_IDENTIFIER = "com.kaska.Travel-MemoriesUITests";
				PRODUCT_NAME = "$(TARGET_NAME)";
				SWIFT_EMIT_LOC_STRINGS = NO;
				SWIFT_VERSION = 5.0;
				TARGETED_DEVICE_FAMILY = "1,2";
				TEST_TARGET_NAME = "Travel Memories";
			};
			name = Debug;
		};
		1182F1DB2B75DA110018BA76 /* Release */ = {
			isa = XCBuildConfiguration;
			buildSettings = {
				ALWAYS_EMBED_SWIFT_STANDARD_LIBRARIES = YES;
				CODE_SIGN_STYLE = Automatic;
				CURRENT_PROJECT_VERSION = 1;
				DEVELOPMENT_TEAM = 45KC6823ML;
				GENERATE_INFOPLIST_FILE = YES;
				MARKETING_VERSION = 1.0;
				PRODUCT_BUNDLE_IDENTIFIER = "com.kaska.Travel-MemoriesUITests";
				PRODUCT_NAME = "$(TARGET_NAME)";
				SWIFT_EMIT_LOC_STRINGS = NO;
				SWIFT_VERSION = 5.0;
				TARGETED_DEVICE_FAMILY = "1,2";
				TEST_TARGET_NAME = "Travel Memories";
			};
			name = Release;
		};
/* End XCBuildConfiguration section */

/* Begin XCConfigurationList section */
		1182F1A42B75DA0E0018BA76 /* Build configuration list for PBXProject "Travel Memories" */ = {
			isa = XCConfigurationList;
			buildConfigurations = (
				1182F1D12B75DA110018BA76 /* Debug */,
				1182F1D22B75DA110018BA76 /* Release */,
			);
			defaultConfigurationIsVisible = 0;
			defaultConfigurationName = Release;
		};
		1182F1D32B75DA110018BA76 /* Build configuration list for PBXNativeTarget "Travel Memories" */ = {
			isa = XCConfigurationList;
			buildConfigurations = (
				1182F1D42B75DA110018BA76 /* Debug */,
				1182F1D52B75DA110018BA76 /* Release */,
			);
			defaultConfigurationIsVisible = 0;
			defaultConfigurationName = Release;
		};
		1182F1D62B75DA110018BA76 /* Build configuration list for PBXNativeTarget "Travel MemoriesTests" */ = {
			isa = XCConfigurationList;
			buildConfigurations = (
				1182F1D72B75DA110018BA76 /* Debug */,
				1182F1D82B75DA110018BA76 /* Release */,
			);
			defaultConfigurationIsVisible = 0;
			defaultConfigurationName = Release;
		};
		1182F1D92B75DA110018BA76 /* Build configuration list for PBXNativeTarget "Travel MemoriesUITests" */ = {
			isa = XCConfigurationList;
			buildConfigurations = (
				1182F1DA2B75DA110018BA76 /* Debug */,
				1182F1DB2B75DA110018BA76 /* Release */,
			);
			defaultConfigurationIsVisible = 0;
			defaultConfigurationName = Release;
		};
/* End XCConfigurationList section */
	};
	rootObject = 1182F1A12B75DA0E0018BA76 /* Project object */;
}
